// !$*UTF8*$!
{
	archiveVersion = 1;
	classes = {
	};
	objectVersion = 46;
	objects = {

/* Begin PBXBuildFile section */
		5669FBF01B72520A00402D18 /* TMWCardinalPoints.m in Sources */ = {isa = PBXBuildFile; fileRef = 5669FBEF1B72520A00402D18 /* TMWCardinalPoints.m */; };
		5669FBF51B7252DD00402D18 /* GMParser.m in Sources */ = {isa = PBXBuildFile; fileRef = 5669FBF41B7252DD00402D18 /* GMParser.m */; };
		5669FBF81B7256E400402D18 /* TMWGeoPoint.m in Sources */ = {isa = PBXBuildFile; fileRef = 5669FBF71B7256E400402D18 /* TMWGeoPoint.m */; };
		5669FBFB1B725A5F00402D18 /* TMWServiceConstants.m in Sources */ = {isa = PBXBuildFile; fileRef = 5669FBFA1B725A5F00402D18 /* TMWServiceConstants.m */; };
		5669FBFE1B725A8300402D18 /* TMWHTTPClient.m in Sources */ = {isa = PBXBuildFile; fileRef = 5669FBFD1B725A8300402D18 /* TMWHTTPClient.m */; };
		5669FC021B725B0100402D18 /* NSDictionary+JSONString.m in Sources */ = {isa = PBXBuildFile; fileRef = 5669FC011B725B0100402D18 /* NSDictionary+JSONString.m */; };
		5669FC071B725C1400402D18 /* UIColor+OwnColors.m in Sources */ = {isa = PBXBuildFile; fileRef = 5669FC061B725C1400402D18 /* UIColor+OwnColors.m */; };
		5669FC0A1B725C2A00402D18 /* UIFont+OwnFonts.m in Sources */ = {isa = PBXBuildFile; fileRef = 5669FC091B725C2A00402D18 /* UIFont+OwnFonts.m */; };
		5669FC0D1B725C4E00402D18 /* TMWConstants.m in Sources */ = {isa = PBXBuildFile; fileRef = 5669FC0C1B725C4E00402D18 /* TMWConstants.m */; };
		5669FC111B725D7A00402D18 /* Localizable.strings in Resources */ = {isa = PBXBuildFile; fileRef = 5669FC131B725D7A00402D18 /* Localizable.strings */; };
		5669FC161B725FED00402D18 /* TMWMeasure.m in Sources */ = {isa = PBXBuildFile; fileRef = 5669FC151B725FED00402D18 /* TMWMeasure.m */; };
		5669FC191B72669300402D18 /* TMWPrediction.m in Sources */ = {isa = PBXBuildFile; fileRef = 5669FC181B72669300402D18 /* TMWPrediction.m */; };
		5669FC1C1B7269FA00402D18 /* TMWWeatherManager.m in Sources */ = {isa = PBXBuildFile; fileRef = 5669FC1B1B7269FA00402D18 /* TMWWeatherManager.m */; };
		5669FC201B727B6100402D18 /* GMNoticeView.m in Sources */ = {isa = PBXBuildFile; fileRef = 5669FC1F1B727B6100402D18 /* GMNoticeView.m */; };
		5669FC231B727C1000402D18 /* UILabel+Autoresize.m in Sources */ = {isa = PBXBuildFile; fileRef = 5669FC221B727C1000402D18 /* UILabel+Autoresize.m */; };
		5669FC261B728A4500402D18 /* TMWHistoricViewController.m in Sources */ = {isa = PBXBuildFile; fileRef = 5669FC251B728A4500402D18 /* TMWHistoricViewController.m */; };
		5669FC291B72936600402D18 /* TMWHelpers.m in Sources */ = {isa = PBXBuildFile; fileRef = 5669FC281B72936600402D18 /* TMWHelpers.m */; };
		5669FC2F1B729A7500402D18 /* GMSpinnerView.m in Sources */ = {isa = PBXBuildFile; fileRef = 5669FC2C1B729A7500402D18 /* GMSpinnerView.m */; };
		5669FC301B729A7500402D18 /* UIViewController+HUD.m in Sources */ = {isa = PBXBuildFile; fileRef = 5669FC2E1B729A7500402D18 /* UIViewController+HUD.m */; };
		5669FC331B72B4BB00402D18 /* TMWDetailViewController.m in Sources */ = {isa = PBXBuildFile; fileRef = 5669FC321B72B4BB00402D18 /* TMWDetailViewController.m */; };
		566ECA801B711743006CF089 /* main.m in Sources */ = {isa = PBXBuildFile; fileRef = 566ECA7F1B711743006CF089 /* main.m */; };
		566ECA831B711743006CF089 /* AppDelegate.m in Sources */ = {isa = PBXBuildFile; fileRef = 566ECA821B711743006CF089 /* AppDelegate.m */; };
		566ECA891B711743006CF089 /* Main.storyboard in Resources */ = {isa = PBXBuildFile; fileRef = 566ECA871B711743006CF089 /* Main.storyboard */; };
		566ECA8B1B711743006CF089 /* Images.xcassets in Resources */ = {isa = PBXBuildFile; fileRef = 566ECA8A1B711743006CF089 /* Images.xcassets */; };
		566ECA8E1B711743006CF089 /* LaunchScreen.xib in Resources */ = {isa = PBXBuildFile; fileRef = 566ECA8C1B711743006CF089 /* LaunchScreen.xib */; };
		56C50A041B71209600CFB7AE /* TMWMapViewController.m in Sources */ = {isa = PBXBuildFile; fileRef = 56C50A031B71209600CFB7AE /* TMWMapViewController.m */; };
		56C50A061B7122E600CFB7AE /* MapKit.framework in Frameworks */ = {isa = PBXBuildFile; fileRef = 56C50A051B7122E600CFB7AE /* MapKit.framework */; };
		DDF5366CDCFD8A9DC526A035 /* libPods.a in Frameworks */ = {isa = PBXBuildFile; fileRef = FEA5BA7033A00EE3A59F75E9 /* libPods.a */; };
/* End PBXBuildFile section */

/* Begin PBXFileReference section */
		5669FBEE1B72520A00402D18 /* TMWCardinalPoints.h */ = {isa = PBXFileReference; fileEncoding = 4; lastKnownFileType = sourcecode.c.h; name = TMWCardinalPoints.h; path = Classes/Models/TMWCardinalPoints.h; sourceTree = "<group>"; };
		5669FBEF1B72520A00402D18 /* TMWCardinalPoints.m */ = {isa = PBXFileReference; fileEncoding = 4; lastKnownFileType = sourcecode.c.objc; name = TMWCardinalPoints.m; path = Classes/Models/TMWCardinalPoints.m; sourceTree = "<group>"; };
		5669FBF31B7252DD00402D18 /* GMParser.h */ = {isa = PBXFileReference; fileEncoding = 4; lastKnownFileType = sourcecode.c.h; path = GMParser.h; sourceTree = "<group>"; };
		5669FBF41B7252DD00402D18 /* GMParser.m */ = {isa = PBXFileReference; fileEncoding = 4; lastKnownFileType = sourcecode.c.objc; path = GMParser.m; sourceTree = "<group>"; };
		5669FBF61B7256E400402D18 /* TMWGeoPoint.h */ = {isa = PBXFileReference; fileEncoding = 4; lastKnownFileType = sourcecode.c.h; name = TMWGeoPoint.h; path = Classes/Models/TMWGeoPoint.h; sourceTree = "<group>"; };
		5669FBF71B7256E400402D18 /* TMWGeoPoint.m */ = {isa = PBXFileReference; fileEncoding = 4; lastKnownFileType = sourcecode.c.objc; name = TMWGeoPoint.m; path = Classes/Models/TMWGeoPoint.m; sourceTree = "<group>"; };
		5669FBF91B725A5F00402D18 /* TMWServiceConstants.h */ = {isa = PBXFileReference; fileEncoding = 4; lastKnownFileType = sourcecode.c.h; name = TMWServiceConstants.h; path = Classes/HTTPClient/TMWServiceConstants.h; sourceTree = "<group>"; };
		5669FBFA1B725A5F00402D18 /* TMWServiceConstants.m */ = {isa = PBXFileReference; fileEncoding = 4; lastKnownFileType = sourcecode.c.objc; name = TMWServiceConstants.m; path = Classes/HTTPClient/TMWServiceConstants.m; sourceTree = "<group>"; };
		5669FBFC1B725A8300402D18 /* TMWHTTPClient.h */ = {isa = PBXFileReference; fileEncoding = 4; lastKnownFileType = sourcecode.c.h; name = TMWHTTPClient.h; path = Classes/HTTPClient/TMWHTTPClient.h; sourceTree = "<group>"; };
		5669FBFD1B725A8300402D18 /* TMWHTTPClient.m */ = {isa = PBXFileReference; fileEncoding = 4; lastKnownFileType = sourcecode.c.objc; name = TMWHTTPClient.m; path = Classes/HTTPClient/TMWHTTPClient.m; sourceTree = "<group>"; };
		5669FC001B725B0100402D18 /* NSDictionary+JSONString.h */ = {isa = PBXFileReference; fileEncoding = 4; lastKnownFileType = sourcecode.c.h; name = "NSDictionary+JSONString.h"; path = "Classes/Custom/Categories/NSDictionary+JSONString.h"; sourceTree = "<group>"; };
		5669FC011B725B0100402D18 /* NSDictionary+JSONString.m */ = {isa = PBXFileReference; fileEncoding = 4; lastKnownFileType = sourcecode.c.objc; name = "NSDictionary+JSONString.m"; path = "Classes/Custom/Categories/NSDictionary+JSONString.m"; sourceTree = "<group>"; };
		5669FC041B725BDB00402D18 /* TMWCustomLogs.h */ = {isa = PBXFileReference; lastKnownFileType = sourcecode.c.h; name = TMWCustomLogs.h; path = Classes/Custom/Utils/TalentoWeatherUtils/TMWCustomLogs.h; sourceTree = "<group>"; };
		5669FC051B725C1400402D18 /* UIColor+OwnColors.h */ = {isa = PBXFileReference; fileEncoding = 4; lastKnownFileType = sourcecode.c.h; name = "UIColor+OwnColors.h"; path = "Classes/Custom/Utils/TalentoWeatherUtils/UIColor+OwnColors.h"; sourceTree = "<group>"; };
		5669FC061B725C1400402D18 /* UIColor+OwnColors.m */ = {isa = PBXFileReference; fileEncoding = 4; lastKnownFileType = sourcecode.c.objc; name = "UIColor+OwnColors.m"; path = "Classes/Custom/Utils/TalentoWeatherUtils/UIColor+OwnColors.m"; sourceTree = "<group>"; };
		5669FC081B725C2A00402D18 /* UIFont+OwnFonts.h */ = {isa = PBXFileReference; fileEncoding = 4; lastKnownFileType = sourcecode.c.h; name = "UIFont+OwnFonts.h"; path = "Classes/Custom/Utils/TalentoWeatherUtils/UIFont+OwnFonts.h"; sourceTree = "<group>"; };
		5669FC091B725C2A00402D18 /* UIFont+OwnFonts.m */ = {isa = PBXFileReference; fileEncoding = 4; lastKnownFileType = sourcecode.c.objc; name = "UIFont+OwnFonts.m"; path = "Classes/Custom/Utils/TalentoWeatherUtils/UIFont+OwnFonts.m"; sourceTree = "<group>"; };
		5669FC0B1B725C4E00402D18 /* TMWConstants.h */ = {isa = PBXFileReference; fileEncoding = 4; lastKnownFileType = sourcecode.c.h; name = TMWConstants.h; path = Classes/Custom/Utils/TalentoWeatherUtils/TMWConstants.h; sourceTree = "<group>"; };
		5669FC0C1B725C4E00402D18 /* TMWConstants.m */ = {isa = PBXFileReference; fileEncoding = 4; lastKnownFileType = sourcecode.c.objc; name = TMWConstants.m; path = Classes/Custom/Utils/TalentoWeatherUtils/TMWConstants.m; sourceTree = "<group>"; };
		5669FC0E1B725C6F00402D18 /* TalentoWeatherUtils.h */ = {isa = PBXFileReference; lastKnownFileType = sourcecode.c.h; name = TalentoWeatherUtils.h; path = Classes/Custom/Utils/TalentoWeatherUtils/TalentoWeatherUtils.h; sourceTree = "<group>"; };
		5669FC121B725D7A00402D18 /* Base */ = {isa = PBXFileReference; lastKnownFileType = text.plist.strings; name = Base; path = Base.lproj/Localizable.strings; sourceTree = "<group>"; };
		5669FC141B725FED00402D18 /* TMWMeasure.h */ = {isa = PBXFileReference; fileEncoding = 4; lastKnownFileType = sourcecode.c.h; name = TMWMeasure.h; path = Classes/Models/TMWMeasure.h; sourceTree = "<group>"; };
		5669FC151B725FED00402D18 /* TMWMeasure.m */ = {isa = PBXFileReference; fileEncoding = 4; lastKnownFileType = sourcecode.c.objc; name = TMWMeasure.m; path = Classes/Models/TMWMeasure.m; sourceTree = "<group>"; };
		5669FC171B72669300402D18 /* TMWPrediction.h */ = {isa = PBXFileReference; fileEncoding = 4; lastKnownFileType = sourcecode.c.h; name = TMWPrediction.h; path = Classes/Models/TMWPrediction.h; sourceTree = "<group>"; };
		5669FC181B72669300402D18 /* TMWPrediction.m */ = {isa = PBXFileReference; fileEncoding = 4; lastKnownFileType = sourcecode.c.objc; name = TMWPrediction.m; path = Classes/Models/TMWPrediction.m; sourceTree = "<group>"; };
		5669FC1A1B7269FA00402D18 /* TMWWeatherManager.h */ = {isa = PBXFileReference; fileEncoding = 4; lastKnownFileType = sourcecode.c.h; name = TMWWeatherManager.h; path = Classes/Models/TMWWeatherManager.h; sourceTree = "<group>"; };
		5669FC1B1B7269FA00402D18 /* TMWWeatherManager.m */ = {isa = PBXFileReference; fileEncoding = 4; lastKnownFileType = sourcecode.c.objc; name = TMWWeatherManager.m; path = Classes/Models/TMWWeatherManager.m; sourceTree = "<group>"; };
		5669FC1E1B727B6100402D18 /* GMNoticeView.h */ = {isa = PBXFileReference; fileEncoding = 4; lastKnownFileType = sourcecode.c.h; name = GMNoticeView.h; path = Classes/Custom/Utils/GMNoticeView/GMNoticeView.h; sourceTree = "<group>"; };
		5669FC1F1B727B6100402D18 /* GMNoticeView.m */ = {isa = PBXFileReference; fileEncoding = 4; lastKnownFileType = sourcecode.c.objc; name = GMNoticeView.m; path = Classes/Custom/Utils/GMNoticeView/GMNoticeView.m; sourceTree = "<group>"; };
		5669FC211B727C1000402D18 /* UILabel+Autoresize.h */ = {isa = PBXFileReference; fileEncoding = 4; lastKnownFileType = sourcecode.c.h; name = "UILabel+Autoresize.h"; path = "Classes/Custom/Categories/UILabel+Autoresize.h"; sourceTree = "<group>"; };
		5669FC221B727C1000402D18 /* UILabel+Autoresize.m */ = {isa = PBXFileReference; fileEncoding = 4; lastKnownFileType = sourcecode.c.objc; name = "UILabel+Autoresize.m"; path = "Classes/Custom/Categories/UILabel+Autoresize.m"; sourceTree = "<group>"; };
		5669FC241B728A4500402D18 /* TMWHistoricViewController.h */ = {isa = PBXFileReference; fileEncoding = 4; lastKnownFileType = sourcecode.c.h; name = TMWHistoricViewController.h; path = Classes/ViewControllers/TMWHistoricViewController.h; sourceTree = "<group>"; };
		5669FC251B728A4500402D18 /* TMWHistoricViewController.m */ = {isa = PBXFileReference; fileEncoding = 4; lastKnownFileType = sourcecode.c.objc; name = TMWHistoricViewController.m; path = Classes/ViewControllers/TMWHistoricViewController.m; sourceTree = "<group>"; };
		5669FC271B72936600402D18 /* TMWHelpers.h */ = {isa = PBXFileReference; fileEncoding = 4; lastKnownFileType = sourcecode.c.h; name = TMWHelpers.h; path = Classes/Custom/Utils/TalentoWeatherUtils/TMWHelpers.h; sourceTree = "<group>"; };
		5669FC281B72936600402D18 /* TMWHelpers.m */ = {isa = PBXFileReference; fileEncoding = 4; lastKnownFileType = sourcecode.c.objc; name = TMWHelpers.m; path = Classes/Custom/Utils/TalentoWeatherUtils/TMWHelpers.m; sourceTree = "<group>"; };
		5669FC2B1B729A7500402D18 /* GMSpinnerView.h */ = {isa = PBXFileReference; fileEncoding = 4; lastKnownFileType = sourcecode.c.h; name = GMSpinnerView.h; path = Classes/Custom/Utils/GMSpinnerView/GMSpinnerView.h; sourceTree = "<group>"; };
		5669FC2C1B729A7500402D18 /* GMSpinnerView.m */ = {isa = PBXFileReference; fileEncoding = 4; lastKnownFileType = sourcecode.c.objc; name = GMSpinnerView.m; path = Classes/Custom/Utils/GMSpinnerView/GMSpinnerView.m; sourceTree = "<group>"; };
		5669FC2D1B729A7500402D18 /* UIViewController+HUD.h */ = {isa = PBXFileReference; fileEncoding = 4; lastKnownFileType = sourcecode.c.h; name = "UIViewController+HUD.h"; path = "Classes/Custom/Utils/GMSpinnerView/UIViewController+HUD.h"; sourceTree = "<group>"; };
		5669FC2E1B729A7500402D18 /* UIViewController+HUD.m */ = {isa = PBXFileReference; fileEncoding = 4; lastKnownFileType = sourcecode.c.objc; name = "UIViewController+HUD.m"; path = "Classes/Custom/Utils/GMSpinnerView/UIViewController+HUD.m"; sourceTree = "<group>"; };
		5669FC311B72B4BB00402D18 /* TMWDetailViewController.h */ = {isa = PBXFileReference; fileEncoding = 4; lastKnownFileType = sourcecode.c.h; name = TMWDetailViewController.h; path = Classes/ViewControllers/TMWDetailViewController.h; sourceTree = "<group>"; };
		5669FC321B72B4BB00402D18 /* TMWDetailViewController.m */ = {isa = PBXFileReference; fileEncoding = 4; lastKnownFileType = sourcecode.c.objc; name = TMWDetailViewController.m; path = Classes/ViewControllers/TMWDetailViewController.m; sourceTree = "<group>"; };
		566ECA7A1B711743006CF089 /* TalentoWeather.app */ = {isa = PBXFileReference; explicitFileType = wrapper.application; includeInIndex = 0; path = TalentoWeather.app; sourceTree = BUILT_PRODUCTS_DIR; };
		566ECA7E1B711743006CF089 /* Info.plist */ = {isa = PBXFileReference; lastKnownFileType = text.plist.xml; path = Info.plist; sourceTree = "<group>"; };
		566ECA7F1B711743006CF089 /* main.m */ = {isa = PBXFileReference; lastKnownFileType = sourcecode.c.objc; path = main.m; sourceTree = "<group>"; };
		566ECA811B711743006CF089 /* AppDelegate.h */ = {isa = PBXFileReference; lastKnownFileType = sourcecode.c.h; path = AppDelegate.h; sourceTree = "<group>"; };
		566ECA821B711743006CF089 /* AppDelegate.m */ = {isa = PBXFileReference; lastKnownFileType = sourcecode.c.objc; path = AppDelegate.m; sourceTree = "<group>"; };
		566ECA881B711743006CF089 /* Base */ = {isa = PBXFileReference; lastKnownFileType = file.storyboard; name = Base; path = Base.lproj/Main.storyboard; sourceTree = "<group>"; };
		566ECA8A1B711743006CF089 /* Images.xcassets */ = {isa = PBXFileReference; lastKnownFileType = folder.assetcatalog; path = Images.xcassets; sourceTree = "<group>"; };
		566ECA8D1B711743006CF089 /* Base */ = {isa = PBXFileReference; lastKnownFileType = file.xib; name = Base; path = Base.lproj/LaunchScreen.xib; sourceTree = "<group>"; };
		56C50A021B71209600CFB7AE /* TMWMapViewController.h */ = {isa = PBXFileReference; fileEncoding = 4; lastKnownFileType = sourcecode.c.h; name = TMWMapViewController.h; path = Classes/ViewControllers/TMWMapViewController.h; sourceTree = "<group>"; };
		56C50A031B71209600CFB7AE /* TMWMapViewController.m */ = {isa = PBXFileReference; fileEncoding = 4; lastKnownFileType = sourcecode.c.objc; name = TMWMapViewController.m; path = Classes/ViewControllers/TMWMapViewController.m; sourceTree = "<group>"; };
		56C50A051B7122E600CFB7AE /* MapKit.framework */ = {isa = PBXFileReference; lastKnownFileType = wrapper.framework; name = MapKit.framework; path = System/Library/Frameworks/MapKit.framework; sourceTree = SDKROOT; };
		8D0D630FD10385E37D39C7B3 /* Pods.release.xcconfig */ = {isa = PBXFileReference; includeInIndex = 1; lastKnownFileType = text.xcconfig; name = Pods.release.xcconfig; path = "Pods/Target Support Files/Pods/Pods.release.xcconfig"; sourceTree = "<group>"; };
		B796224136A475C477EB534A /* Pods.debug.xcconfig */ = {isa = PBXFileReference; includeInIndex = 1; lastKnownFileType = text.xcconfig; name = Pods.debug.xcconfig; path = "Pods/Target Support Files/Pods/Pods.debug.xcconfig"; sourceTree = "<group>"; };
		FEA5BA7033A00EE3A59F75E9 /* libPods.a */ = {isa = PBXFileReference; explicitFileType = archive.ar; includeInIndex = 0; path = libPods.a; sourceTree = BUILT_PRODUCTS_DIR; };
/* End PBXFileReference section */

/* Begin PBXFrameworksBuildPhase section */
		566ECA771B711743006CF089 /* Frameworks */ = {
			isa = PBXFrameworksBuildPhase;
			buildActionMask = 2147483647;
			files = (
				56C50A061B7122E600CFB7AE /* MapKit.framework in Frameworks */,
				DDF5366CDCFD8A9DC526A035 /* libPods.a in Frameworks */,
			);
			runOnlyForDeploymentPostprocessing = 0;
		};
/* End PBXFrameworksBuildPhase section */

/* Begin PBXGroup section */
		1EAD62C5994287783059F04D /* Pods */ = {
			isa = PBXGroup;
			children = (
				B796224136A475C477EB534A /* Pods.debug.xcconfig */,
				8D0D630FD10385E37D39C7B3 /* Pods.release.xcconfig */,
			);
			name = Pods;
			sourceTree = "<group>";
		};
		5669FBEC1B72505600402D18 /* Data */ = {
			isa = PBXGroup;
			children = (
				5669FBEE1B72520A00402D18 /* TMWCardinalPoints.h */,
				5669FBEF1B72520A00402D18 /* TMWCardinalPoints.m */,
				5669FBF61B7256E400402D18 /* TMWGeoPoint.h */,
				5669FBF71B7256E400402D18 /* TMWGeoPoint.m */,
				5669FC141B725FED00402D18 /* TMWMeasure.h */,
				5669FC151B725FED00402D18 /* TMWMeasure.m */,
				5669FC171B72669300402D18 /* TMWPrediction.h */,
				5669FC181B72669300402D18 /* TMWPrediction.m */,
			);
			name = Data;
			sourceTree = "<group>";
		};
		5669FBED1B72506000402D18 /* Managers */ = {
			isa = PBXGroup;
			children = (
				5669FC1A1B7269FA00402D18 /* TMWWeatherManager.h */,
				5669FC1B1B7269FA00402D18 /* TMWWeatherManager.m */,
			);
			name = Managers;
			sourceTree = "<group>";
		};
		5669FBF11B7252CF00402D18 /* Utils */ = {
			isa = PBXGroup;
			children = (
				5669FC2A1B729A6300402D18 /* GMSpinnerView */,
				5669FC1D1B727B4400402D18 /* GMNoticeView */,
				5669FBF21B7252DD00402D18 /* GMParser */,
				5669FC031B725BA600402D18 /* TalentoWeatherUtils */,
			);
			name = Utils;
			sourceTree = "<group>";
		};
		5669FBF21B7252DD00402D18 /* GMParser */ = {
			isa = PBXGroup;
			children = (
				5669FBF31B7252DD00402D18 /* GMParser.h */,
				5669FBF41B7252DD00402D18 /* GMParser.m */,
			);
			name = GMParser;
			path = Classes/Custom/Utils/GMParser;
			sourceTree = "<group>";
		};
		5669FBFF1B725AF600402D18 /* Categories */ = {
			isa = PBXGroup;
			children = (
				5669FC211B727C1000402D18 /* UILabel+Autoresize.h */,
				5669FC221B727C1000402D18 /* UILabel+Autoresize.m */,
				5669FC001B725B0100402D18 /* NSDictionary+JSONString.h */,
				5669FC011B725B0100402D18 /* NSDictionary+JSONString.m */,
			);
			name = Categories;
			sourceTree = "<group>";
		};
		5669FC031B725BA600402D18 /* TalentoWeatherUtils */ = {
			isa = PBXGroup;
			children = (
				5669FC041B725BDB00402D18 /* TMWCustomLogs.h */,
				5669FC051B725C1400402D18 /* UIColor+OwnColors.h */,
				5669FC061B725C1400402D18 /* UIColor+OwnColors.m */,
				5669FC081B725C2A00402D18 /* UIFont+OwnFonts.h */,
				5669FC091B725C2A00402D18 /* UIFont+OwnFonts.m */,
				5669FC0B1B725C4E00402D18 /* TMWConstants.h */,
				5669FC0C1B725C4E00402D18 /* TMWConstants.m */,
				5669FC0E1B725C6F00402D18 /* TalentoWeatherUtils.h */,
				5669FC271B72936600402D18 /* TMWHelpers.h */,
				5669FC281B72936600402D18 /* TMWHelpers.m */,
			);
			name = TalentoWeatherUtils;
			sourceTree = "<group>";
		};
		5669FC1D1B727B4400402D18 /* GMNoticeView */ = {
			isa = PBXGroup;
			children = (
				5669FC1E1B727B6100402D18 /* GMNoticeView.h */,
				5669FC1F1B727B6100402D18 /* GMNoticeView.m */,
			);
			name = GMNoticeView;
			sourceTree = "<group>";
		};
		5669FC2A1B729A6300402D18 /* GMSpinnerView */ = {
			isa = PBXGroup;
			children = (
				5669FC2B1B729A7500402D18 /* GMSpinnerView.h */,
				5669FC2C1B729A7500402D18 /* GMSpinnerView.m */,
				5669FC2D1B729A7500402D18 /* UIViewController+HUD.h */,
				5669FC2E1B729A7500402D18 /* UIViewController+HUD.m */,
			);
			name = GMSpinnerView;
			sourceTree = "<group>";
		};
		566ECA711B711743006CF089 = {
			isa = PBXGroup;
			children = (
				566ECA7C1B711743006CF089 /* TalentoWeather */,
				566ECA7B1B711743006CF089 /* Products */,
				1EAD62C5994287783059F04D /* Pods */,
				EFDDBEA167363B4CB029BE37 /* Frameworks */,
			);
			sourceTree = "<group>";
		};
		566ECA7B1B711743006CF089 /* Products */ = {
			isa = PBXGroup;
			children = (
				566ECA7A1B711743006CF089 /* TalentoWeather.app */,
			);
			name = Products;
			sourceTree = "<group>";
		};
		566ECA7C1B711743006CF089 /* TalentoWeather */ = {
			isa = PBXGroup;
			children = (
				56C509FC1B711FC000CFB7AE /* Classes */,
				566ECA811B711743006CF089 /* AppDelegate.h */,
				566ECA821B711743006CF089 /* AppDelegate.m */,
				566ECA871B711743006CF089 /* Main.storyboard */,
				566ECA8A1B711743006CF089 /* Images.xcassets */,
				566ECA8C1B711743006CF089 /* LaunchScreen.xib */,
				566ECA7D1B711743006CF089 /* Supporting Files */,
			);
			path = TalentoWeather;
			sourceTree = "<group>";
		};
		566ECA7D1B711743006CF089 /* Supporting Files */ = {
			isa = PBXGroup;
			children = (
				566ECA7E1B711743006CF089 /* Info.plist */,
				566ECA7F1B711743006CF089 /* main.m */,
				5669FC131B725D7A00402D18 /* Localizable.strings */,
			);
			name = "Supporting Files";
			sourceTree = "<group>";
		};
		56C509FC1B711FC000CFB7AE /* Classes */ = {
			isa = PBXGroup;
			children = (
				56C50A011B711FD900CFB7AE /* Custom */,
				56C509FE1B711FCB00CFB7AE /* HTTPClient */,
				56C50A001B711FD400CFB7AE /* Model */,
				56C509FD1B711FC500CFB7AE /* ViewControllers */,
				56C509FF1B711FD000CFB7AE /* Views */,
			);
			name = Classes;
			sourceTree = "<group>";
		};
		56C509FD1B711FC500CFB7AE /* ViewControllers */ = {
			isa = PBXGroup;
			children = (
				56C50A021B71209600CFB7AE /* TMWMapViewController.h */,
				56C50A031B71209600CFB7AE /* TMWMapViewController.m */,
				5669FC241B728A4500402D18 /* TMWHistoricViewController.h */,
				5669FC251B728A4500402D18 /* TMWHistoricViewController.m */,
				5669FC311B72B4BB00402D18 /* TMWDetailViewController.h */,
				5669FC321B72B4BB00402D18 /* TMWDetailViewController.m */,
			);
			name = ViewControllers;
			sourceTree = "<group>";
		};
		56C509FE1B711FCB00CFB7AE /* HTTPClient */ = {
			isa = PBXGroup;
			children = (
				5669FBFC1B725A8300402D18 /* TMWHTTPClient.h */,
				5669FBFD1B725A8300402D18 /* TMWHTTPClient.m */,
				5669FBF91B725A5F00402D18 /* TMWServiceConstants.h */,
				5669FBFA1B725A5F00402D18 /* TMWServiceConstants.m */,
			);
			name = HTTPClient;
			sourceTree = "<group>";
		};
		56C509FF1B711FD000CFB7AE /* Views */ = {
			isa = PBXGroup;
			children = (
			);
			name = Views;
			sourceTree = "<group>";
		};
		56C50A001B711FD400CFB7AE /* Model */ = {
			isa = PBXGroup;
			children = (
				5669FBED1B72506000402D18 /* Managers */,
				5669FBEC1B72505600402D18 /* Data */,
			);
			name = Model;
			sourceTree = "<group>";
		};
		56C50A011B711FD900CFB7AE /* Custom */ = {
			isa = PBXGroup;
			children = (
				5669FBFF1B725AF600402D18 /* Categories */,
				5669FBF11B7252CF00402D18 /* Utils */,
			);
			name = Custom;
			sourceTree = "<group>";
		};
		EFDDBEA167363B4CB029BE37 /* Frameworks */ = {
			isa = PBXGroup;
			children = (
				56C50A051B7122E600CFB7AE /* MapKit.framework */,
				FEA5BA7033A00EE3A59F75E9 /* libPods.a */,
			);
			name = Frameworks;
			sourceTree = "<group>";
		};
/* End PBXGroup section */

/* Begin PBXNativeTarget section */
		566ECA791B711743006CF089 /* TalentoWeather */ = {
			isa = PBXNativeTarget;
			buildConfigurationList = 566ECA9D1B711744006CF089 /* Build configuration list for PBXNativeTarget "TalentoWeather" */;
			buildPhases = (
				3874C8018FF329DA8631D685 /* Check Pods Manifest.lock */,
				566ECA761B711743006CF089 /* Sources */,
				566ECA771B711743006CF089 /* Frameworks */,
				566ECA781B711743006CF089 /* Resources */,
				477727B888F0EE63A085660A /* Copy Pods Resources */,
			);
			buildRules = (
			);
			dependencies = (
			);
			name = TalentoWeather;
			productName = TalentoWeather;
			productReference = 566ECA7A1B711743006CF089 /* TalentoWeather.app */;
			productType = "com.apple.product-type.application";
		};
/* End PBXNativeTarget section */

/* Begin PBXProject section */
		566ECA721B711743006CF089 /* Project object */ = {
			isa = PBXProject;
			attributes = {
				LastUpgradeCheck = 0640;
				ORGANIZATIONNAME = TalentoMobile;
				TargetAttributes = {
					566ECA791B711743006CF089 = {
						CreatedOnToolsVersion = 6.4;
						SystemCapabilities = {
							com.apple.Maps.iOS = {
								enabled = 1;
							};
						};
					};
				};
			};
			buildConfigurationList = 566ECA751B711743006CF089 /* Build configuration list for PBXProject "TalentoWeather" */;
			compatibilityVersion = "Xcode 3.2";
			developmentRegion = English;
			hasScannedForEncodings = 0;
			knownRegions = (
				en,
				Base,
			);
			mainGroup = 566ECA711B711743006CF089;
			productRefGroup = 566ECA7B1B711743006CF089 /* Products */;
			projectDirPath = "";
			projectRoot = "";
			targets = (
				566ECA791B711743006CF089 /* TalentoWeather */,
			);
		};
/* End PBXProject section */

/* Begin PBXResourcesBuildPhase section */
		566ECA781B711743006CF089 /* Resources */ = {
			isa = PBXResourcesBuildPhase;
			buildActionMask = 2147483647;
			files = (
				566ECA891B711743006CF089 /* Main.storyboard in Resources */,
				5669FC111B725D7A00402D18 /* Localizable.strings in Resources */,
				566ECA8E1B711743006CF089 /* LaunchScreen.xib in Resources */,
				566ECA8B1B711743006CF089 /* Images.xcassets in Resources */,
			);
			runOnlyForDeploymentPostprocessing = 0;
		};
/* End PBXResourcesBuildPhase section */

/* Begin PBXShellScriptBuildPhase section */
		3874C8018FF329DA8631D685 /* Check Pods Manifest.lock */ = {
			isa = PBXShellScriptBuildPhase;
			buildActionMask = 2147483647;
			files = (
			);
			inputPaths = (
			);
			name = "Check Pods Manifest.lock";
			outputPaths = (
			);
			runOnlyForDeploymentPostprocessing = 0;
			shellPath = /bin/sh;
			shellScript = "diff \"${PODS_ROOT}/../Podfile.lock\" \"${PODS_ROOT}/Manifest.lock\" > /dev/null\nif [[ $? != 0 ]] ; then\n    cat << EOM\nerror: The sandbox is not in sync with the Podfile.lock. Run 'pod install' or update your CocoaPods installation.\nEOM\n    exit 1\nfi\n";
			showEnvVarsInLog = 0;
		};
		477727B888F0EE63A085660A /* Copy Pods Resources */ = {
			isa = PBXShellScriptBuildPhase;
			buildActionMask = 2147483647;
			files = (
			);
			inputPaths = (
			);
			name = "Copy Pods Resources";
			outputPaths = (
			);
			runOnlyForDeploymentPostprocessing = 0;
			shellPath = /bin/sh;
			shellScript = "\"${SRCROOT}/Pods/Target Support Files/Pods/Pods-resources.sh\"\n";
			showEnvVarsInLog = 0;
		};
/* End PBXShellScriptBuildPhase section */

/* Begin PBXSourcesBuildPhase section */
		566ECA761B711743006CF089 /* Sources */ = {
			isa = PBXSourcesBuildPhase;
			buildActionMask = 2147483647;
			files = (
				566ECA831B711743006CF089 /* AppDelegate.m in Sources */,
				5669FBF81B7256E400402D18 /* TMWGeoPoint.m in Sources */,
				5669FC0D1B725C4E00402D18 /* TMWConstants.m in Sources */,
				5669FC201B727B6100402D18 /* GMNoticeView.m in Sources */,
				5669FBFB1B725A5F00402D18 /* TMWServiceConstants.m in Sources */,
				5669FBF01B72520A00402D18 /* TMWCardinalPoints.m in Sources */,
				5669FC191B72669300402D18 /* TMWPrediction.m in Sources */,
				5669FBF51B7252DD00402D18 /* GMParser.m in Sources */,
				56C50A041B71209600CFB7AE /* TMWMapViewController.m in Sources */,
				5669FC1C1B7269FA00402D18 /* TMWWeatherManager.m in Sources */,
				5669FC161B725FED00402D18 /* TMWMeasure.m in Sources */,
				5669FBFE1B725A8300402D18 /* TMWHTTPClient.m in Sources */,
				5669FC301B729A7500402D18 /* UIViewController+HUD.m in Sources */,
				5669FC0A1B725C2A00402D18 /* UIFont+OwnFonts.m in Sources */,
				5669FC021B725B0100402D18 /* NSDictionary+JSONString.m in Sources */,
				5669FC261B728A4500402D18 /* TMWHistoricViewController.m in Sources */,
				5669FC071B725C1400402D18 /* UIColor+OwnColors.m in Sources */,
				566ECA801B711743006CF089 /* main.m in Sources */,
				5669FC331B72B4BB00402D18 /* TMWDetailViewController.m in Sources */,
				5669FC291B72936600402D18 /* TMWHelpers.m in Sources */,
				5669FC231B727C1000402D18 /* UILabel+Autoresize.m in Sources */,
				5669FC2F1B729A7500402D18 /* GMSpinnerView.m in Sources */,
			);
			runOnlyForDeploymentPostprocessing = 0;
		};
/* End PBXSourcesBuildPhase section */

/* Begin PBXVariantGroup section */
		5669FC131B725D7A00402D18 /* Localizable.strings */ = {
			isa = PBXVariantGroup;
			children = (
				5669FC121B725D7A00402D18 /* Base */,
			);
			name = Localizable.strings;
			sourceTree = "<group>";
		};
		566ECA871B711743006CF089 /* Main.storyboard */ = {
			isa = PBXVariantGroup;
			children = (
				566ECA881B711743006CF089 /* Base */,
			);
			name = Main.storyboard;
			sourceTree = "<group>";
		};
		566ECA8C1B711743006CF089 /* LaunchScreen.xib */ = {
			isa = PBXVariantGroup;
			children = (
				566ECA8D1B711743006CF089 /* Base */,
			);
			name = LaunchScreen.xib;
			sourceTree = "<group>";
		};
/* End PBXVariantGroup section */

/* Begin XCBuildConfiguration section */
		566ECA9B1B711744006CF089 /* Debug */ = {
			isa = XCBuildConfiguration;
			buildSettings = {
				ALWAYS_SEARCH_USER_PATHS = NO;
				CLANG_CXX_LANGUAGE_STANDARD = "gnu++0x";
				CLANG_CXX_LIBRARY = "libc++";
				CLANG_ENABLE_MODULES = YES;
				CLANG_ENABLE_OBJC_ARC = YES;
				CLANG_WARN_BOOL_CONVERSION = YES;
				CLANG_WARN_CONSTANT_CONVERSION = YES;
				CLANG_WARN_DIRECT_OBJC_ISA_USAGE = YES_ERROR;
				CLANG_WARN_EMPTY_BODY = YES;
				CLANG_WARN_ENUM_CONVERSION = YES;
				CLANG_WARN_INT_CONVERSION = YES;
				CLANG_WARN_OBJC_ROOT_CLASS = YES_ERROR;
				CLANG_WARN_UNREACHABLE_CODE = YES;
				CLANG_WARN__DUPLICATE_METHOD_MATCH = YES;
				"CODE_SIGN_IDENTITY[sdk=iphoneos*]" = "iPhone Developer";
				COPY_PHASE_STRIP = NO;
				DEBUG_INFORMATION_FORMAT = "dwarf-with-dsym";
				ENABLE_STRICT_OBJC_MSGSEND = YES;
				GCC_C_LANGUAGE_STANDARD = gnu99;
				GCC_DYNAMIC_NO_PIC = NO;
				GCC_NO_COMMON_BLOCKS = YES;
				GCC_OPTIMIZATION_LEVEL = 0;
				GCC_PREPROCESSOR_DEFINITIONS = (
					"DEBUG=1",
					"$(inherited)",
				);
				GCC_SYMBOLS_PRIVATE_EXTERN = NO;
				GCC_WARN_64_TO_32_BIT_CONVERSION = YES;
				GCC_WARN_ABOUT_RETURN_TYPE = YES_ERROR;
				GCC_WARN_UNDECLARED_SELECTOR = YES;
				GCC_WARN_UNINITIALIZED_AUTOS = YES_AGGRESSIVE;
				GCC_WARN_UNUSED_FUNCTION = YES;
				GCC_WARN_UNUSED_VARIABLE = YES;
				IPHONEOS_DEPLOYMENT_TARGET = 8.0;
				MTL_ENABLE_DEBUG_INFO = YES;
				ONLY_ACTIVE_ARCH = YES;
				SDKROOT = iphoneos;
				TARGETED_DEVICE_FAMILY = "1,2";
			};
			name = Debug;
		};
		566ECA9C1B711744006CF089 /* Release */ = {
			isa = XCBuildConfiguration;
			buildSettings = {
				ALWAYS_SEARCH_USER_PATHS = NO;
				CLANG_CXX_LANGUAGE_STANDARD = "gnu++0x";
				CLANG_CXX_LIBRARY = "libc++";
				CLANG_ENABLE_MODULES = YES;
				CLANG_ENABLE_OBJC_ARC = YES;
				CLANG_WARN_BOOL_CONVERSION = YES;
				CLANG_WARN_CONSTANT_CONVERSION = YES;
				CLANG_WARN_DIRECT_OBJC_ISA_USAGE = YES_ERROR;
				CLANG_WARN_EMPTY_BODY = YES;
				CLANG_WARN_ENUM_CONVERSION = YES;
				CLANG_WARN_INT_CONVERSION = YES;
				CLANG_WARN_OBJC_ROOT_CLASS = YES_ERROR;
				CLANG_WARN_UNREACHABLE_CODE = YES;
				CLANG_WARN__DUPLICATE_METHOD_MATCH = YES;
				"CODE_SIGN_IDENTITY[sdk=iphoneos*]" = "iPhone Developer";
				COPY_PHASE_STRIP = NO;
				DEBUG_INFORMATION_FORMAT = "dwarf-with-dsym";
				ENABLE_NS_ASSERTIONS = NO;
				ENABLE_STRICT_OBJC_MSGSEND = YES;
				GCC_C_LANGUAGE_STANDARD = gnu99;
				GCC_NO_COMMON_BLOCKS = YES;
				GCC_WARN_64_TO_32_BIT_CONVERSION = YES;
				GCC_WARN_ABOUT_RETURN_TYPE = YES_ERROR;
				GCC_WARN_UNDECLARED_SELECTOR = YES;
				GCC_WARN_UNINITIALIZED_AUTOS = YES_AGGRESSIVE;
				GCC_WARN_UNUSED_FUNCTION = YES;
				GCC_WARN_UNUSED_VARIABLE = YES;
				IPHONEOS_DEPLOYMENT_TARGET = 8.0;
				MTL_ENABLE_DEBUG_INFO = NO;
				SDKROOT = iphoneos;
				TARGETED_DEVICE_FAMILY = "1,2";
				VALIDATE_PRODUCT = YES;
			};
			name = Release;
		};
		566ECA9E1B711744006CF089 /* Debug */ = {
			isa = XCBuildConfiguration;
			baseConfigurationReference = B796224136A475C477EB534A /* Pods.debug.xcconfig */;
			buildSettings = {
				ASSETCATALOG_COMPILER_APPICON_NAME = AppIcon;
				INFOPLIST_FILE = TalentoWeather/Info.plist;
				LD_RUNPATH_SEARCH_PATHS = "$(inherited) @executable_path/Frameworks";
				PRODUCT_NAME = "$(TARGET_NAME)";
			};
			name = Debug;
		};
		566ECA9F1B711744006CF089 /* Release */ = {
			isa = XCBuildConfiguration;
			baseConfigurationReference = 8D0D630FD10385E37D39C7B3 /* Pods.release.xcconfig */;
			buildSettings = {
				ASSETCATALOG_COMPILER_APPICON_NAME = AppIcon;
				INFOPLIST_FILE = TalentoWeather/Info.plist;
				LD_RUNPATH_SEARCH_PATHS = "$(inherited) @executable_path/Frameworks";
				PRODUCT_NAME = "$(TARGET_NAME)";
			};
			name = Release;
		};
/* End XCBuildConfiguration section */

/* Begin XCConfigurationList section */
		566ECA751B711743006CF089 /* Build configuration list for PBXProject "TalentoWeather" */ = {
			isa = XCConfigurationList;
			buildConfigurations = (
				566ECA9B1B711744006CF089 /* Debug */,
				566ECA9C1B711744006CF089 /* Release */,
			);
			defaultConfigurationIsVisible = 0;
			defaultConfigurationName = Release;
		};
		566ECA9D1B711744006CF089 /* Build configuration list for PBXNativeTarget "TalentoWeather" */ = {
			isa = XCConfigurationList;
			buildConfigurations = (
				566ECA9E1B711744006CF089 /* Debug */,
				566ECA9F1B711744006CF089 /* Release */,
			);
			defaultConfigurationIsVisible = 0;
			defaultConfigurationName = Release;
		};
/* End XCConfigurationList section */
	};
	rootObject = 566ECA721B711743006CF089 /* Project object */;
}
